// !$*UTF8*$!
{
	archiveVersion = 1;
	classes = {
	};
	objectVersion = 48;
	objects = {

/* Begin PBXBuildFile section */
		4628C7C6204554F700540124 /* BookCell.swift in Sources */ = {isa = PBXBuildFile; fileRef = 4628C7C5204554F700540124 /* BookCell.swift */; };
		46297B132045FF2F00AF7B28 /* BookPagerController.swift in Sources */ = {isa = PBXBuildFile; fileRef = 46297B122045FF2F00AF7B28 /* BookPagerController.swift */; };
		46297B1A20469E4100AF7B28 /* PageCell.swift in Sources */ = {isa = PBXBuildFile; fileRef = 46297B1920469E4100AF7B28 /* PageCell.swift */; };
		46A42FD72044C8360031EB1F /* AppDelegate.swift in Sources */ = {isa = PBXBuildFile; fileRef = 46A42FD62044C8360031EB1F /* AppDelegate.swift */; };
		46A42FD92044C8360031EB1F /* ViewController.swift in Sources */ = {isa = PBXBuildFile; fileRef = 46A42FD82044C8360031EB1F /* ViewController.swift */; };
		46A42FDE2044C8360031EB1F /* Assets.xcassets in Resources */ = {isa = PBXBuildFile; fileRef = 46A42FDD2044C8360031EB1F /* Assets.xcassets */; };
		46A42FE12044C8360031EB1F /* LaunchScreen.storyboard in Resources */ = {isa = PBXBuildFile; fileRef = 46A42FDF2044C8360031EB1F /* LaunchScreen.storyboard */; };
		46A42FE92044C9070031EB1F /* Book.swift in Sources */ = {isa = PBXBuildFile; fileRef = 46A42FE82044C9070031EB1F /* Book.swift */; };
		46A42FEB2044C9F10031EB1F /* Page.swift in Sources */ = {isa = PBXBuildFile; fileRef = 46A42FEA2044C9F10031EB1F /* Page.swift */; };
/* End PBXBuildFile section */

/* Begin PBXFileReference section */
		4628C7C5204554F700540124 /* BookCell.swift */ = {isa = PBXFileReference; lastKnownFileType = sourcecode.swift; path = BookCell.swift; sourceTree = "<group>"; };
		46297B122045FF2F00AF7B28 /* BookPagerController.swift */ = {isa = PBXFileReference; lastKnownFileType = sourcecode.swift; path = BookPagerController.swift; sourceTree = "<group>"; };
		46297B1920469E4100AF7B28 /* PageCell.swift */ = {isa = PBXFileReference; lastKnownFileType = sourcecode.swift; path = PageCell.swift; sourceTree = "<group>"; };
		46A42FD32044C8360031EB1F /* LBTA - Basic training.app */ = {isa = PBXFileReference; explicitFileType = wrapper.application; includeInIndex = 0; path = "LBTA - Basic training.app"; sourceTree = BUILT_PRODUCTS_DIR; };
		46A42FD62044C8360031EB1F /* AppDelegate.swift */ = {isa = PBXFileReference; lastKnownFileType = sourcecode.swift; path = AppDelegate.swift; sourceTree = "<group>"; };
		46A42FD82044C8360031EB1F /* ViewController.swift */ = {isa = PBXFileReference; lastKnownFileType = sourcecode.swift; path = ViewController.swift; sourceTree = "<group>"; };
		46A42FDD2044C8360031EB1F /* Assets.xcassets */ = {isa = PBXFileReference; lastKnownFileType = folder.assetcatalog; path = Assets.xcassets; sourceTree = "<group>"; };
		46A42FE02044C8360031EB1F /* Base */ = {isa = PBXFileReference; lastKnownFileType = file.storyboard; name = Base; path = Base.lproj/LaunchScreen.storyboard; sourceTree = "<group>"; };
		46A42FE22044C8360031EB1F /* Info.plist */ = {isa = PBXFileReference; lastKnownFileType = text.plist.xml; path = Info.plist; sourceTree = "<group>"; };
		46A42FE82044C9070031EB1F /* Book.swift */ = {isa = PBXFileReference; lastKnownFileType = sourcecode.swift; path = Book.swift; sourceTree = "<group>"; };
		46A42FEA2044C9F10031EB1F /* Page.swift */ = {isa = PBXFileReference; lastKnownFileType = sourcecode.swift; path = Page.swift; sourceTree = "<group>"; };
/* End PBXFileReference section */

/* Begin PBXFrameworksBuildPhase section */
		46A42FD02044C8360031EB1F /* Frameworks */ = {
			isa = PBXFrameworksBuildPhase;
			buildActionMask = 2147483647;
			files = (
			);
			runOnlyForDeploymentPostprocessing = 0;
		};
/* End PBXFrameworksBuildPhase section */

/* Begin PBXGroup section */
		46297B1420469AEB00AF7B28 /* Book MVC */ = {
			isa = PBXGroup;
			children = (
				46A42FEF20454AE90031EB1F /* Model */,
				46A42FEE20454ADD0031EB1F /* View */,
				46A42FED20454AD60031EB1F /* Controller */,
			);
			path = "Book MVC";
			sourceTree = "<group>";
		};
		46297B1520469B0200AF7B28 /* Page MVC */ = {
			isa = PBXGroup;
			children = (
				46297B1820469B2C00AF7B28 /* Model */,
				46297B1720469B2600AF7B28 /* View */,
				46297B1620469B2000AF7B28 /* Controller */,
			);
			path = "Page MVC";
			sourceTree = "<group>";
		};
		46297B1620469B2000AF7B28 /* Controller */ = {
			isa = PBXGroup;
			children = (
				46297B122045FF2F00AF7B28 /* BookPagerController.swift */,
			);
			path = Controller;
			sourceTree = "<group>";
		};
		46297B1720469B2600AF7B28 /* View */ = {
			isa = PBXGroup;
			children = (
				46297B1920469E4100AF7B28 /* PageCell.swift */,
			);
			path = View;
			sourceTree = "<group>";
		};
		46297B1820469B2C00AF7B28 /* Model */ = {
			isa = PBXGroup;
			children = (
			);
			path = Model;
			sourceTree = "<group>";
		};
		46A42FCA2044C8360031EB1F = {
			isa = PBXGroup;
			children = (
				46A42FD52044C8360031EB1F /* LBTA - Basic training */,
				46A42FD42044C8360031EB1F /* Products */,
			);
			sourceTree = "<group>";
		};
		46A42FD42044C8360031EB1F /* Products */ = {
			isa = PBXGroup;
			children = (
				46A42FD32044C8360031EB1F /* LBTA - Basic training.app */,
			);
			name = Products;
			sourceTree = "<group>";
		};
		46A42FD52044C8360031EB1F /* LBTA - Basic training */ = {
			isa = PBXGroup;
			children = (
				46297B1420469AEB00AF7B28 /* Book MVC */,
				46297B1520469B0200AF7B28 /* Page MVC */,
				46A42FEC20454ACC0031EB1F /* Supporting Files */,
				46A42FE22044C8360031EB1F /* Info.plist */,
			);
			path = "LBTA - Basic training";
			sourceTree = "<group>";
		};
		46A42FEC20454ACC0031EB1F /* Supporting Files */ = {
			isa = PBXGroup;
			children = (
				46A42FD62044C8360031EB1F /* AppDelegate.swift */,
				46A42FDD2044C8360031EB1F /* Assets.xcassets */,
				46A42FDF2044C8360031EB1F /* LaunchScreen.storyboard */,
			);
			path = "Supporting Files";
			sourceTree = "<group>";
		};
		46A42FED20454AD60031EB1F /* Controller */ = {
			isa = PBXGroup;
			children = (
				46A42FD82044C8360031EB1F /* ViewController.swift */,
			);
			path = Controller;
			sourceTree = "<group>";
		};
		46A42FEE20454ADD0031EB1F /* View */ = {
			isa = PBXGroup;
			children = (
				4628C7C5204554F700540124 /* BookCell.swift */,
			);
			path = View;
			sourceTree = "<group>";
		};
		46A42FEF20454AE90031EB1F /* Model */ = {
			isa = PBXGroup;
			children = (
				46A42FE82044C9070031EB1F /* Book.swift */,
				46A42FEA2044C9F10031EB1F /* Page.swift */,
			);
			path = Model;
			sourceTree = "<group>";
		};
/* End PBXGroup section */

/* Begin PBXNativeTarget section */
		46A42FD22044C8360031EB1F /* LBTA - Basic training */ = {
			isa = PBXNativeTarget;
			buildConfigurationList = 46A42FE52044C8360031EB1F /* Build configuration list for PBXNativeTarget "LBTA - Basic training" */;
			buildPhases = (
				46A42FCF2044C8360031EB1F /* Sources */,
				46A42FD02044C8360031EB1F /* Frameworks */,
				46A42FD12044C8360031EB1F /* Resources */,
			);
			buildRules = (
			);
			dependencies = (
			);
			name = "LBTA - Basic training";
			productName = "LBTA - Basic training";
			productReference = 46A42FD32044C8360031EB1F /* LBTA - Basic training.app */;
			productType = "com.apple.product-type.application";
		};
/* End PBXNativeTarget section */

/* Begin PBXProject section */
		46A42FCB2044C8360031EB1F /* Project object */ = {
			isa = PBXProject;
			attributes = {
				LastSwiftUpdateCheck = 0920;
				LastUpgradeCheck = 0920;
				ORGANIZATIONNAME = "Christophe Bugnon";
				TargetAttributes = {
					46A42FD22044C8360031EB1F = {
						CreatedOnToolsVersion = 9.2;
						ProvisioningStyle = Automatic;
					};
				};
			};
			buildConfigurationList = 46A42FCE2044C8360031EB1F /* Build configuration list for PBXProject "LBTA - Basic training" */;
			compatibilityVersion = "Xcode 8.0";
			developmentRegion = en;
			hasScannedForEncodings = 0;
			knownRegions = (
				en,
				Base,
			);
			mainGroup = 46A42FCA2044C8360031EB1F;
			productRefGroup = 46A42FD42044C8360031EB1F /* Products */;
			projectDirPath = "";
			projectRoot = "";
			targets = (
				46A42FD22044C8360031EB1F /* LBTA - Basic training */,
			);
		};
/* End PBXProject section */

/* Begin PBXResourcesBuildPhase section */
		46A42FD12044C8360031EB1F /* Resources */ = {
			isa = PBXResourcesBuildPhase;
			buildActionMask = 2147483647;
			files = (
				46A42FE12044C8360031EB1F /* LaunchScreen.storyboard in Resources */,
				46A42FDE2044C8360031EB1F /* Assets.xcassets in Resources */,
			);
			runOnlyForDeploymentPostprocessing = 0;
		};
/* End PBXResourcesBuildPhase section */

/* Begin PBXSourcesBuildPhase section */
		46A42FCF2044C8360031EB1F /* Sources */ = {
			isa = PBXSourcesBuildPhase;
			buildActionMask = 2147483647;
			files = (
				46297B132045FF2F00AF7B28 /* BookPagerController.swift in Sources */,
				46A42FD92044C8360031EB1F /* ViewController.swift in Sources */,
				46A42FD72044C8360031EB1F /* AppDelegate.swift in Sources */,
				46A42FEB2044C9F10031EB1F /* Page.swift in Sources */,
				46A42FE92044C9070031EB1F /* Book.swift in Sources */,
				4628C7C6204554F700540124 /* BookCell.swift in Sources */,
				46297B1A20469E4100AF7B28 /* PageCell.swift in Sources */,
			);
			runOnlyForDeploymentPostprocessing = 0;
		};
/* End PBXSourcesBuildPhase section */

/* Begin PBXVariantGroup section */
		46A42FDF2044C8360031EB1F /* LaunchScreen.storyboard */ = {
			isa = PBXVariantGroup;
			children = (
				46A42FE02044C8360031EB1F /* Base */,
			);
			name = LaunchScreen.storyboard;
			sourceTree = "<group>";
		};
/* End PBXVariantGroup section */

/* Begin XCBuildConfiguration section */
		46A42FE32044C8360031EB1F /* Debug */ = {
			isa = XCBuildConfiguration;
			buildSettings = {
				ALWAYS_SEARCH_USER_PATHS = NO;
				CLANG_ANALYZER_NONNULL = YES;
				CLANG_ANALYZER_NUMBER_OBJECT_CONVERSION = YES_AGGRESSIVE;
				CLANG_CXX_LANGUAGE_STANDARD = "gnu++14";
				CLANG_CXX_LIBRARY = "libc++";
				CLANG_ENABLE_MODULES = YES;
				CLANG_ENABLE_OBJC_ARC = YES;
				CLANG_WARN_BLOCK_CAPTURE_AUTORELEASING = YES;
				CLANG_WARN_BOOL_CONVERSION = YES;
				CLANG_WARN_COMMA = YES;
				CLANG_WARN_CONSTANT_CONVERSION = YES;
				CLANG_WARN_DIRECT_OBJC_ISA_USAGE = YES_ERROR;
				CLANG_WARN_DOCUMENTATION_COMMENTS = YES;
				CLANG_WARN_EMPTY_BODY = YES;
				CLANG_WARN_ENUM_CONVERSION = YES;
				CLANG_WARN_INFINITE_RECURSION = YES;
				CLANG_WARN_INT_CONVERSION = YES;
				CLANG_WARN_NON_LITERAL_NULL_CONVERSION = YES;
				CLANG_WARN_OBJC_LITERAL_CONVERSION = YES;
				CLANG_WARN_OBJC_ROOT_CLASS = YES_ERROR;
				CLANG_WARN_RANGE_LOOP_ANALYSIS = YES;
				CLANG_WARN_STRICT_PROTOTYPES = YES;
				CLANG_WARN_SUSPICIOUS_MOVE = YES;
				CLANG_WARN_UNGUARDED_AVAILABILITY = YES_AGGRESSIVE;
				CLANG_WARN_UNREACHABLE_CODE = YES;
				CLANG_WARN__DUPLICATE_METHOD_MATCH = YES;
				CODE_SIGN_IDENTITY = "iPhone Developer";
				COPY_PHASE_STRIP = NO;
				DEBUG_INFORMATION_FORMAT = dwarf;
				ENABLE_STRICT_OBJC_MSGSEND = YES;
				ENABLE_TESTABILITY = YES;
				GCC_C_LANGUAGE_STANDARD = gnu11;
				GCC_DYNAMIC_NO_PIC = NO;
				GCC_NO_COMMON_BLOCKS = YES;
				GCC_OPTIMIZATION_LEVEL = 0;
				GCC_PREPROCESSOR_DEFINITIONS = (
					"DEBUG=1",
					"$(inherited)",
				);
				GCC_WARN_64_TO_32_BIT_CONVERSION = YES;
				GCC_WARN_ABOUT_RETURN_TYPE = YES_ERROR;
				GCC_WARN_UNDECLARED_SELECTOR = YES;
				GCC_WARN_UNINITIALIZED_AUTOS = YES_AGGRESSIVE;
				GCC_WARN_UNUSED_FUNCTION = YES;
				GCC_WARN_UNUSED_VARIABLE = YES;
				IPHONEOS_DEPLOYMENT_TARGET = 11.2;
				MTL_ENABLE_DEBUG_INFO = YES;
				ONLY_ACTIVE_ARCH = YES;
				SDKROOT = iphoneos;
				SWIFT_ACTIVE_COMPILATION_CONDITIONS = DEBUG;
				SWIFT_OPTIMIZATION_LEVEL = "-Onone";
			};
			name = Debug;
		};
		46A42FE42044C8360031EB1F /* Release */ = {
			isa = XCBuildConfiguration;
			buildSettings = {
				ALWAYS_SEARCH_USER_PATHS = NO;
				CLANG_ANALYZER_NONNULL = YES;
				CLANG_ANALYZER_NUMBER_OBJECT_CONVERSION = YES_AGGRESSIVE;
				CLANG_CXX_LANGUAGE_STANDARD = "gnu++14";
				CLANG_CXX_LIBRARY = "libc++";
				CLANG_ENABLE_MODULES = YES;
				CLANG_ENABLE_OBJC_ARC = YES;
				CLANG_WARN_BLOCK_CAPTURE_AUTORELEASING = YES;
				CLANG_WARN_BOOL_CONVERSION = YES;
				CLANG_WARN_COMMA = YES;
				CLANG_WARN_CONSTANT_CONVERSION = YES;
				CLANG_WARN_DIRECT_OBJC_ISA_USAGE = YES_ERROR;
				CLANG_WARN_DOCUMENTATION_COMMENTS = YES;
				CLANG_WARN_EMPTY_BODY = YES;
				CLANG_WARN_ENUM_CONVERSION = YES;
				CLANG_WARN_INFINITE_RECURSION = YES;
				CLANG_WARN_INT_CONVERSION = YES;
				CLANG_WARN_NON_LITERAL_NULL_CONVERSION = YES;
				CLANG_WARN_OBJC_LITERAL_CONVERSION = YES;
				CLANG_WARN_OBJC_ROOT_CLASS = YES_ERROR;
				CLANG_WARN_RANGE_LOOP_ANALYSIS = YES;
				CLANG_WARN_STRICT_PROTOTYPES = YES;
				CLANG_WARN_SUSPICIOUS_MOVE = YES;
				CLANG_WARN_UNGUARDED_AVAILABILITY = YES_AGGRESSIVE;
				CLANG_WARN_UNREACHABLE_CODE = YES;
				CLANG_WARN__DUPLICATE_METHOD_MATCH = YES;
				CODE_SIGN_IDENTITY = "iPhone Developer";
				COPY_PHASE_STRIP = NO;
				DEBUG_INFORMATION_FORMAT = "dwarf-with-dsym";
				ENABLE_NS_ASSERTIONS = NO;
				ENABLE_STRICT_OBJC_MSGSEND = YES;
				GCC_C_LANGUAGE_STANDARD = gnu11;
				GCC_NO_COMMON_BLOCKS = YES;
				GCC_WARN_64_TO_32_BIT_CONVERSION = YES;
				GCC_WARN_ABOUT_RETURN_TYPE = YES_ERROR;
				GCC_WARN_UNDECLARED_SELECTOR = YES;
				GCC_WARN_UNINITIALIZED_AUTOS = YES_AGGRESSIVE;
				GCC_WARN_UNUSED_FUNCTION = YES;
				GCC_WARN_UNUSED_VARIABLE = YES;
				IPHONEOS_DEPLOYMENT_TARGET = 11.2;
				MTL_ENABLE_DEBUG_INFO = NO;
				SDKROOT = iphoneos;
				SWIFT_OPTIMIZATION_LEVEL = "-Owholemodule";
				VALIDATE_PRODUCT = YES;
			};
			name = Release;
		};
		46A42FE62044C8360031EB1F /* Debug */ = {
			isa = XCBuildConfiguration;
			buildSettings = {
				ASSETCATALOG_COMPILER_APPICON_NAME = AppIcon;
				CODE_SIGN_STYLE = Automatic;
				INFOPLIST_FILE = "LBTA - Basic training/Info.plist";
				LD_RUNPATH_SEARCH_PATHS = "$(inherited) @executable_path/Frameworks";
				PRODUCT_BUNDLE_IDENTIFIER = "com.christophebugnon.LBTA---Basic-training";
				PRODUCT_NAME = "$(TARGET_NAME)";
				SWIFT_VERSION = 4.0;
				TARGETED_DEVICE_FAMILY = "1,2";
			};
			name = Debug;
		};
		46A42FE72044C8360031EB1F /* Release */ = {
			isa = XCBuildConfiguration;
			buildSettings = {
				ASSETCATALOG_COMPILER_APPICON_NAME = AppIcon;
				CODE_SIGN_STYLE = Automatic;
				INFOPLIST_FILE = "LBTA - Basic training/Info.plist";
				LD_RUNPATH_SEARCH_PATHS = "$(inherited) @executable_path/Frameworks";
				PRODUCT_BUNDLE_IDENTIFIER = "com.christophebugnon.LBTA---Basic-training";
				PRODUCT_NAME = "$(TARGET_NAME)";
				SWIFT_VERSION = 4.0;
				TARGETED_DEVICE_FAMILY = "1,2";
			};
			name = Release;
		};
/* End XCBuildConfiguration section */

/* Begin XCConfigurationList section */
		46A42FCE2044C8360031EB1F /* Build configuration list for PBXProject "LBTA - Basic training" */ = {
			isa = XCConfigurationList;
			buildConfigurations = (
				46A42FE32044C8360031EB1F /* Debug */,
				46A42FE42044C8360031EB1F /* Release */,
			);
			defaultConfigurationIsVisible = 0;
			defaultConfigurationName = Release;
		};
		46A42FE52044C8360031EB1F /* Build configuration list for PBXNativeTarget "LBTA - Basic training" */ = {
			isa = XCConfigurationList;
			buildConfigurations = (
				46A42FE62044C8360031EB1F /* Debug */,
				46A42FE72044C8360031EB1F /* Release */,
			);
			defaultConfigurationIsVisible = 0;
			defaultConfigurationName = Release;
		};
/* End XCConfigurationList section */
	};
	rootObject = 46A42FCB2044C8360031EB1F /* Project object */;
}
